
Microsoft Visual Studio Solution File, Format Version 12.00
Project("{FAE04EC0-301F-11D3-BF4B-00C04F79EFBC}") = "RandomNumberGenerator", "RandomNumberGenerator\RandomNumberGenerator.csproj", "{7F2B4CC6-F5E4-46A3-B249-4723E3FAA15A}"
EndProject
Global
	GlobalSection(SolutionConfigurationPlatforms) = preSolution
		Debug|Any CPU = Debug|Any CPU
		Release|Any CPU = Release|Any CPU
	EndGlobalSection
	GlobalSection(ProjectConfigurationPlatforms) = postSolution
		{7F2B4CC6-F5E4-46A3-B249-4723E3FAA15A}.Debug|Any CPU.ActiveCfg = Debug|Any CPU
		{7F2B4CC6-F5E4-46A3-B249-4723E3FAA15A}.Debug|Any CPU.Build.0 = Debug|Any CPU
		{7F2B4CC6-F5E4-46A3-B249-4723E3FAA15A}.Release|Any CPU.ActiveCfg = Release|Any CPU
		{7F2B4CC6-F5E4-46A3-B249-4723E3FAA15A}.Release|Any CPU.Build.0 = Release|Any CPU
	EndGlobalSection
EndGlobal
